{
  "name": "webcontroller",
  "version": "0.1.0",
  "lockfileVersion": 1,
  "dependencies": {
    "arrow-keys-react": {
      "version": "1.0.6",
      "resolved": "https://registry.npmjs.org/arrow-keys-react/-/arrow-keys-react-1.0.6.tgz",
      "integrity": "sha512-WoFOU/4kTGGFOELMsMUi3zjTz8pk21zdc76tOHBZtPgEwac4+4fFatEoyM5oozqpZ59xP7Mj/ltI+l0QMLzbDQ=="
    },
    "keystate": {
      "version": "0.0.1",
      "resolved": "https://registry.npmjs.org/keystate/-/keystate-0.0.1.tgz",
      "integrity": "sha1-kMO/aO3NaJDBRK4pskmno5tLMlY="
    }
  }
}
